
Microsoft Visual Studio Solution File, Format Version 12.00
# Visual Studio Version 17
VisualStudioVersion = 17.4.33213.308
MinimumVisualStudioVersion = 10.0.40219.1
Project("{FAE04EC0-301F-11D3-BF4B-00C04F79EFBC}") = "InheritenceClass", "InheritenceClass\InheritenceClass.csproj", "{83AF0221-5E38-4E7D-8389-3D1E0FC82804}"
EndProject
Global
	GlobalSection(SolutionConfigurationPlatforms) = preSolution
		Debug|Any CPU = Debug|Any CPU
		Release|Any CPU = Release|Any CPU
	EndGlobalSection
	GlobalSection(ProjectConfigurationPlatforms) = postSolution
		{83AF0221-5E38-4E7D-8389-3D1E0FC82804}.Debug|Any CPU.ActiveCfg = Debug|Any CPU
		{83AF0221-5E38-4E7D-8389-3D1E0FC82804}.Debug|Any CPU.Build.0 = Debug|Any CPU
		{83AF0221-5E38-4E7D-8389-3D1E0FC82804}.Release|Any CPU.ActiveCfg = Release|Any CPU
		{83AF0221-5E38-4E7D-8389-3D1E0FC82804}.Release|Any CPU.Build.0 = Release|Any CPU
	EndGlobalSection
	GlobalSection(SolutionProperties) = preSolution
		HideSolutionNode = FALSE
	EndGlobalSection
	GlobalSection(ExtensibilityGlobals) = postSolution
		SolutionGuid = {2E565916-96D7-45D7-BC84-478E3F62FA18}
	EndGlobalSection
EndGlobal
